
Microsoft Visual Studio Solution File, Format Version 12.00
# Visual Studio 14
VisualStudioVersion = 14.0.25420.1
MinimumVisualStudioVersion = 10.0.40219.1
Project("{FAE04EC0-301F-11D3-BF4B-00C04F79EFBC}") = "MvvmContextActionSample", "MvvmContextActionSample\MvvmContextActionSample\MvvmContextActionSample.csproj", "{A1793FB2-E762-4848-B9A0-B981EBE5B85D}"
EndProject
Project("{FAE04EC0-301F-11D3-BF4B-00C04F79EFBC}") = "MvvmContextActionSample.Droid", "MvvmContextActionSample\MvvmContextActionSample.Droid\MvvmContextActionSample.Droid.csproj", "{4E3D5E81-A952-430B-9AA7-036A7EDE650A}"
EndProject
Project("{FAE04EC0-301F-11D3-BF4B-00C04F79EFBC}") = "MvvmContextActionSample.iOS", "MvvmContextActionSample\MvvmContextActionSample.iOS\MvvmContextActionSample.iOS.csproj", "{3E4C1B82-B385-4763-B6EA-C74117C59675}"
EndProject
Project("{FAE04EC0-301F-11D3-BF4B-00C04F79EFBC}") = "MvvmContextActionSample.WinPhone", "MvvmContextActionSample\MvvmContextActionSample.WinPhone\MvvmContextActionSample.WinPhone.csproj", "{5E55DE55-1C3F-457A-945F-DD393C01DE94}"
EndProject
Project("{FAE04EC0-301F-11D3-BF4B-00C04F79EFBC}") = "MvvmContextActionSample.UWP", "MvvmContextActionSample\MvvmContextActionSample.UWP\MvvmContextActionSample.UWP.csproj", "{8376D245-B721-486B-A429-F2A2D5FB4885}"
EndProject
Project("{FAE04EC0-301F-11D3-BF4B-00C04F79EFBC}") = "MvvmContextActionSample.Windows", "MvvmContextActionSample\MvvmContextActionSample.Windows\MvvmContextActionSample.Windows.csproj", "{FE26A116-754A-4290-AA3F-9246C4E8B45F}"
EndProject
Global
	GlobalSection(SolutionConfigurationPlatforms) = preSolution
		Ad-Hoc|Any CPU = Ad-Hoc|Any CPU
		Ad-Hoc|ARM = Ad-Hoc|ARM
		Ad-Hoc|iPhone = Ad-Hoc|iPhone
		Ad-Hoc|iPhoneSimulator = Ad-Hoc|iPhoneSimulator
		Ad-Hoc|x64 = Ad-Hoc|x64
		Ad-Hoc|x86 = Ad-Hoc|x86
		AppStore|Any CPU = AppStore|Any CPU
		AppStore|ARM = AppStore|ARM
		AppStore|iPhone = AppStore|iPhone
		AppStore|iPhoneSimulator = AppStore|iPhoneSimulator
		AppStore|x64 = AppStore|x64
		AppStore|x86 = AppStore|x86
		Debug|Any CPU = Debug|Any CPU
		Debug|ARM = Debug|ARM
		Debug|iPhone = Debug|iPhone
		Debug|iPhoneSimulator = Debug|iPhoneSimulator
		Debug|x64 = Debug|x64
		Debug|x86 = Debug|x86
		Release|Any CPU = Release|Any CPU
		Release|ARM = Release|ARM
		Release|iPhone = Release|iPhone
		Release|iPhoneSimulator = Release|iPhoneSimulator
		Release|x64 = Release|x64
		Release|x86 = Release|x86
	EndGlobalSection
	GlobalSection(ProjectConfigurationPlatforms) = postSolution
		{A1793FB2-E762-4848-B9A0-B981EBE5B85D}.Ad-Hoc|Any CPU.ActiveCfg = Release|Any CPU
		{A1793FB2-E762-4848-B9A0-B981EBE5B85D}.Ad-Hoc|Any CPU.Build.0 = Release|Any CPU
		{A1793FB2-E762-4848-B9A0-B981EBE5B85D}.Ad-Hoc|ARM.ActiveCfg = Release|Any CPU
		{A1793FB2-E762-4848-B9A0-B981EBE5B85D}.Ad-Hoc|ARM.Build.0 = Release|Any CPU
		{A1793FB2-E762-4848-B9A0-B981EBE5B85D}.Ad-Hoc|iPhone.ActiveCfg = Release|Any CPU
		{A1793FB2-E762-4848-B9A0-B981EBE5B85D}.Ad-Hoc|iPhone.Build.0 = Release|Any CPU
		{A1793FB2-E762-4848-B9A0-B981EBE5B85D}.Ad-Hoc|iPhoneSimulator.ActiveCfg = Release|Any CPU
		{A1793FB2-E762-4848-B9A0-B981EBE5B85D}.Ad-Hoc|iPhoneSimulator.Build.0 = Release|Any CPU
		{A1793FB2-E762-4848-B9A0-B981EBE5B85D}.Ad-Hoc|x64.ActiveCfg = Release|Any CPU
		{A1793FB2-E762-4848-B9A0-B981EBE5B85D}.Ad-Hoc|x64.Build.0 = Release|Any CPU
		{A1793FB2-E762-4848-B9A0-B981EBE5B85D}.Ad-Hoc|x86.ActiveCfg = Release|Any CPU
		{A1793FB2-E762-4848-B9A0-B981EBE5B85D}.Ad-Hoc|x86.Build.0 = Release|Any CPU
		{A1793FB2-E762-4848-B9A0-B981EBE5B85D}.AppStore|Any CPU.ActiveCfg = Release|Any CPU
		{A1793FB2-E762-4848-B9A0-B981EBE5B85D}.AppStore|Any CPU.Build.0 = Release|Any CPU
		{A1793FB2-E762-4848-B9A0-B981EBE5B85D}.AppStore|ARM.ActiveCfg = Release|Any CPU
		{A1793FB2-E762-4848-B9A0-B981EBE5B85D}.AppStore|ARM.Build.0 = Release|Any CPU
		{A1793FB2-E762-4848-B9A0-B981EBE5B85D}.AppStore|iPhone.ActiveCfg = Release|Any CPU
		{A1793FB2-E762-4848-B9A0-B981EBE5B85D}.AppStore|iPhone.Build.0 = Release|Any CPU
		{A1793FB2-E762-4848-B9A0-B981EBE5B85D}.AppStore|iPhoneSimulator.ActiveCfg = Release|Any CPU
		{A1793FB2-E762-4848-B9A0-B981EBE5B85D}.AppStore|iPhoneSimulator.Build.0 = Release|Any CPU
		{A1793FB2-E762-4848-B9A0-B981EBE5B85D}.AppStore|x64.ActiveCfg = Release|Any CPU
		{A1793FB2-E762-4848-B9A0-B981EBE5B85D}.AppStore|x64.Build.0 = Release|Any CPU
		{A1793FB2-E762-4848-B9A0-B981EBE5B85D}.AppStore|x86.ActiveCfg = Release|Any CPU
		{A1793FB2-E762-4848-B9A0-B981EBE5B85D}.AppStore|x86.Build.0 = Release|Any CPU
		{A1793FB2-E762-4848-B9A0-B981EBE5B85D}.Debug|Any CPU.ActiveCfg = Debug|Any CPU
		{A1793FB2-E762-4848-B9A0-B981EBE5B85D}.Debug|Any CPU.Build.0 = Debug|Any CPU
		{A1793FB2-E762-4848-B9A0-B981EBE5B85D}.Debug|ARM.ActiveCfg = Debug|Any CPU
		{A1793FB2-E762-4848-B9A0-B981EBE5B85D}.Debug|ARM.Build.0 = Debug|Any CPU
		{A1793FB2-E762-4848-B9A0-B981EBE5B85D}.Debug|iPhone.ActiveCfg = Debug|Any CPU
		{A1793FB2-E762-4848-B9A0-B981EBE5B85D}.Debug|iPhone.Build.0 = Debug|Any CPU
		{A1793FB2-E762-4848-B9A0-B981EBE5B85D}.Debug|iPhoneSimulator.ActiveCfg = Debug|Any CPU
		{A1793FB2-E762-4848-B9A0-B981EBE5B85D}.Debug|iPhoneSimulator.Build.0 = Debug|Any CPU
		{A1793FB2-E762-4848-B9A0-B981EBE5B85D}.Debug|x64.ActiveCfg = Debug|Any CPU
		{A1793FB2-E762-4848-B9A0-B981EBE5B85D}.Debug|x64.Build.0 = Debug|Any CPU
		{A1793FB2-E762-4848-B9A0-B981EBE5B85D}.Debug|x86.ActiveCfg = Debug|Any CPU
		{A1793FB2-E762-4848-B9A0-B981EBE5B85D}.Debug|x86.Build.0 = Debug|Any CPU
		{A1793FB2-E762-4848-B9A0-B981EBE5B85D}.Release|Any CPU.ActiveCfg = Release|Any CPU
		{A1793FB2-E762-4848-B9A0-B981EBE5B85D}.Release|Any CPU.Build.0 = Release|Any CPU
		{A1793FB2-E762-4848-B9A0-B981EBE5B85D}.Release|ARM.ActiveCfg = Release|Any CPU
		{A1793FB2-E762-4848-B9A0-B981EBE5B85D}.Release|ARM.Build.0 = Release|Any CPU
		{A1793FB2-E762-4848-B9A0-B981EBE5B85D}.Release|iPhone.ActiveCfg = Release|Any CPU
		{A1793FB2-E762-4848-B9A0-B981EBE5B85D}.Release|iPhone.Build.0 = Release|Any CPU
		{A1793FB2-E762-4848-B9A0-B981EBE5B85D}.Release|iPhoneSimulator.ActiveCfg = Release|Any CPU
		{A1793FB2-E762-4848-B9A0-B981EBE5B85D}.Release|iPhoneSimulator.Build.0 = Release|Any CPU
		{A1793FB2-E762-4848-B9A0-B981EBE5B85D}.Release|x64.ActiveCfg = Release|Any CPU
		{A1793FB2-E762-4848-B9A0-B981EBE5B85D}.Release|x64.Build.0 = Release|Any CPU
		{A1793FB2-E762-4848-B9A0-B981EBE5B85D}.Release|x86.ActiveCfg = Release|Any CPU
		{A1793FB2-E762-4848-B9A0-B981EBE5B85D}.Release|x86.Build.0 = Release|Any CPU
		{4E3D5E81-A952-430B-9AA7-036A7EDE650A}.Ad-Hoc|Any CPU.ActiveCfg = Release|Any CPU
		{4E3D5E81-A952-430B-9AA7-036A7EDE650A}.Ad-Hoc|Any CPU.Build.0 = Release|Any CPU
		{4E3D5E81-A952-430B-9AA7-036A7EDE650A}.Ad-Hoc|Any CPU.Deploy.0 = Release|Any CPU
		{4E3D5E81-A952-430B-9AA7-036A7EDE650A}.Ad-Hoc|ARM.ActiveCfg = Release|Any CPU
		{4E3D5E81-A952-430B-9AA7-036A7EDE650A}.Ad-Hoc|ARM.Build.0 = Release|Any CPU
		{4E3D5E81-A952-430B-9AA7-036A7EDE650A}.Ad-Hoc|ARM.Deploy.0 = Release|Any CPU
		{4E3D5E81-A952-430B-9AA7-036A7EDE650A}.Ad-Hoc|iPhone.ActiveCfg = Release|Any CPU
		{4E3D5E81-A952-430B-9AA7-036A7EDE650A}.Ad-Hoc|iPhone.Build.0 = Release|Any CPU
		{4E3D5E81-A952-430B-9AA7-036A7EDE650A}.Ad-Hoc|iPhone.Deploy.0 = Release|Any CPU
		{4E3D5E81-A952-430B-9AA7-036A7EDE650A}.Ad-Hoc|iPhoneSimulator.ActiveCfg = Release|Any CPU
		{4E3D5E81-A952-430B-9AA7-036A7EDE650A}.Ad-Hoc|iPhoneSimulator.Build.0 = Release|Any CPU
		{4E3D5E81-A952-430B-9AA7-036A7EDE650A}.Ad-Hoc|iPhoneSimulator.Deploy.0 = Release|Any CPU
		{4E3D5E81-A952-430B-9AA7-036A7EDE650A}.Ad-Hoc|x64.ActiveCfg = Release|Any CPU
		{4E3D5E81-A952-430B-9AA7-036A7EDE650A}.Ad-Hoc|x64.Build.0 = Release|Any CPU
		{4E3D5E81-A952-430B-9AA7-036A7EDE650A}.Ad-Hoc|x64.Deploy.0 = Release|Any CPU
		{4E3D5E81-A952-430B-9AA7-036A7EDE650A}.Ad-Hoc|x86.ActiveCfg = Release|Any CPU
		{4E3D5E81-A952-430B-9AA7-036A7EDE650A}.Ad-Hoc|x86.Build.0 = Release|Any CPU
		{4E3D5E81-A952-430B-9AA7-036A7EDE650A}.Ad-Hoc|x86.Deploy.0 = Release|Any CPU
		{4E3D5E81-A952-430B-9AA7-036A7EDE650A}.AppStore|Any CPU.ActiveCfg = Release|Any CPU
		{4E3D5E81-A952-430B-9AA7-036A7EDE650A}.AppStore|Any CPU.Build.0 = Release|Any CPU
		{4E3D5E81-A952-430B-9AA7-036A7EDE650A}.AppStore|Any CPU.Deploy.0 = Release|Any CPU
		{4E3D5E81-A952-430B-9AA7-036A7EDE650A}.AppStore|ARM.ActiveCfg = Release|Any CPU
		{4E3D5E81-A952-430B-9AA7-036A7EDE650A}.AppStore|ARM.Build.0 = Release|Any CPU
		{4E3D5E81-A952-430B-9AA7-036A7EDE650A}.AppStore|ARM.Deploy.0 = Release|Any CPU
		{4E3D5E81-A952-430B-9AA7-036A7EDE650A}.AppStore|iPhone.ActiveCfg = Release|Any CPU
		{4E3D5E81-A952-430B-9AA7-036A7EDE650A}.AppStore|iPhone.Build.0 = Release|Any CPU
		{4E3D5E81-A952-430B-9AA7-036A7EDE650A}.AppStore|iPhone.Deploy.0 = Release|Any CPU
		{4E3D5E81-A952-430B-9AA7-036A7EDE650A}.AppStore|iPhoneSimulator.ActiveCfg = Release|Any CPU
		{4E3D5E81-A952-430B-9AA7-036A7EDE650A}.AppStore|iPhoneSimulator.Build.0 = Release|Any CPU
		{4E3D5E81-A952-430B-9AA7-036A7EDE650A}.AppStore|iPhoneSimulator.Deploy.0 = Release|Any CPU
		{4E3D5E81-A952-430B-9AA7-036A7EDE650A}.AppStore|x64.ActiveCfg = Release|Any CPU
		{4E3D5E81-A952-430B-9AA7-036A7EDE650A}.AppStore|x64.Build.0 = Release|Any CPU
		{4E3D5E81-A952-430B-9AA7-036A7EDE650A}.AppStore|x64.Deploy.0 = Release|Any CPU
		{4E3D5E81-A952-430B-9AA7-036A7EDE650A}.AppStore|x86.ActiveCfg = Release|Any CPU
		{4E3D5E81-A952-430B-9AA7-036A7EDE650A}.AppStore|x86.Build.0 = Release|Any CPU
		{4E3D5E81-A952-430B-9AA7-036A7EDE650A}.AppStore|x86.Deploy.0 = Release|Any CPU
		{4E3D5E81-A952-430B-9AA7-036A7EDE650A}.Debug|Any CPU.ActiveCfg = Debug|Any CPU
		{4E3D5E81-A952-430B-9AA7-036A7EDE650A}.Debug|Any CPU.Build.0 = Debug|Any CPU
		{4E3D5E81-A952-430B-9AA7-036A7EDE650A}.Debug|Any CPU.Deploy.0 = Debug|Any CPU
		{4E3D5E81-A952-430B-9AA7-036A7EDE650A}.Debug|ARM.ActiveCfg = Debug|Any CPU
		{4E3D5E81-A952-430B-9AA7-036A7EDE650A}.Debug|ARM.Build.0 = Debug|Any CPU
		{4E3D5E81-A952-430B-9AA7-036A7EDE650A}.Debug|ARM.Deploy.0 = Debug|Any CPU
		{4E3D5E81-A952-430B-9AA7-036A7EDE650A}.Debug|iPhone.ActiveCfg = Debug|Any CPU
		{4E3D5E81-A952-430B-9AA7-036A7EDE650A}.Debug|iPhone.Build.0 = Debug|Any CPU
		{4E3D5E81-A952-430B-9AA7-036A7EDE650A}.Debug|iPhone.Deploy.0 = Debug|Any CPU
		{4E3D5E81-A952-430B-9AA7-036A7EDE650A}.Debug|iPhoneSimulator.ActiveCfg = Debug|Any CPU
		{4E3D5E81-A952-430B-9AA7-036A7EDE650A}.Debug|iPhoneSimulator.Build.0 = Debug|Any CPU
		{4E3D5E81-A952-430B-9AA7-036A7EDE650A}.Debug|iPhoneSimulator.Deploy.0 = Debug|Any CPU
		{4E3D5E81-A952-430B-9AA7-036A7EDE650A}.Debug|x64.ActiveCfg = Debug|Any CPU
		{4E3D5E81-A952-430B-9AA7-036A7EDE650A}.Debug|x64.Build.0 = Debug|Any CPU
		{4E3D5E81-A952-430B-9AA7-036A7EDE650A}.Debug|x64.Deploy.0 = Debug|Any CPU
		{4E3D5E81-A952-430B-9AA7-036A7EDE650A}.Debug|x86.ActiveCfg = Debug|Any CPU
		{4E3D5E81-A952-430B-9AA7-036A7EDE650A}.Debug|x86.Build.0 = Debug|Any CPU
		{4E3D5E81-A952-430B-9AA7-036A7EDE650A}.Debug|x86.Deploy.0 = Debug|Any CPU
		{4E3D5E81-A952-430B-9AA7-036A7EDE650A}.Release|Any CPU.ActiveCfg = Release|Any CPU
		{4E3D5E81-A952-430B-9AA7-036A7EDE650A}.Release|Any CPU.Build.0 = Release|Any CPU
		{4E3D5E81-A952-430B-9AA7-036A7EDE650A}.Release|Any CPU.Deploy.0 = Release|Any CPU
		{4E3D5E81-A952-430B-9AA7-036A7EDE650A}.Release|ARM.ActiveCfg = Release|Any CPU
		{4E3D5E81-A952-430B-9AA7-036A7EDE650A}.Release|ARM.Build.0 = Release|Any CPU
		{4E3D5E81-A952-430B-9AA7-036A7EDE650A}.Release|ARM.Deploy.0 = Release|Any CPU
		{4E3D5E81-A952-430B-9AA7-036A7EDE650A}.Release|iPhone.ActiveCfg = Release|Any CPU
		{4E3D5E81-A952-430B-9AA7-036A7EDE650A}.Release|iPhone.Build.0 = Release|Any CPU
		{4E3D5E81-A952-430B-9AA7-036A7EDE650A}.Release|iPhone.Deploy.0 = Release|Any CPU
		{4E3D5E81-A952-430B-9AA7-036A7EDE650A}.Release|iPhoneSimulator.ActiveCfg = Release|Any CPU
		{4E3D5E81-A952-430B-9AA7-036A7EDE650A}.Release|iPhoneSimulator.Build.0 = Release|Any CPU
		{4E3D5E81-A952-430B-9AA7-036A7EDE650A}.Release|iPhoneSimulator.Deploy.0 = Release|Any CPU
		{4E3D5E81-A952-430B-9AA7-036A7EDE650A}.Release|x64.ActiveCfg = Release|Any CPU
		{4E3D5E81-A952-430B-9AA7-036A7EDE650A}.Release|x64.Build.0 = Release|Any CPU
		{4E3D5E81-A952-430B-9AA7-036A7EDE650A}.Release|x64.Deploy.0 = Release|Any CPU
		{4E3D5E81-A952-430B-9AA7-036A7EDE650A}.Release|x86.ActiveCfg = Release|Any CPU
		{4E3D5E81-A952-430B-9AA7-036A7EDE650A}.Release|x86.Build.0 = Release|Any CPU
		{4E3D5E81-A952-430B-9AA7-036A7EDE650A}.Release|x86.Deploy.0 = Release|Any CPU
		{3E4C1B82-B385-4763-B6EA-C74117C59675}.Ad-Hoc|Any CPU.ActiveCfg = Ad-Hoc|iPhone
		{3E4C1B82-B385-4763-B6EA-C74117C59675}.Ad-Hoc|ARM.ActiveCfg = Ad-Hoc|iPhone
		{3E4C1B82-B385-4763-B6EA-C74117C59675}.Ad-Hoc|iPhone.ActiveCfg = Ad-Hoc|iPhone
		{3E4C1B82-B385-4763-B6EA-C74117C59675}.Ad-Hoc|iPhone.Build.0 = Ad-Hoc|iPhone
		{3E4C1B82-B385-4763-B6EA-C74117C59675}.Ad-Hoc|iPhoneSimulator.ActiveCfg = Ad-Hoc|iPhoneSimulator
		{3E4C1B82-B385-4763-B6EA-C74117C59675}.Ad-Hoc|iPhoneSimulator.Build.0 = Ad-Hoc|iPhoneSimulator
		{3E4C1B82-B385-4763-B6EA-C74117C59675}.Ad-Hoc|x64.ActiveCfg = Ad-Hoc|iPhone
		{3E4C1B82-B385-4763-B6EA-C74117C59675}.Ad-Hoc|x86.ActiveCfg = Ad-Hoc|iPhone
		{3E4C1B82-B385-4763-B6EA-C74117C59675}.AppStore|Any CPU.ActiveCfg = AppStore|iPhone
		{3E4C1B82-B385-4763-B6EA-C74117C59675}.AppStore|ARM.ActiveCfg = AppStore|iPhone
		{3E4C1B82-B385-4763-B6EA-C74117C59675}.AppStore|iPhone.ActiveCfg = AppStore|iPhone
		{3E4C1B82-B385-4763-B6EA-C74117C59675}.AppStore|iPhone.Build.0 = AppStore|iPhone
		{3E4C1B82-B385-4763-B6EA-C74117C59675}.AppStore|iPhoneSimulator.ActiveCfg = AppStore|iPhoneSimulator
		{3E4C1B82-B385-4763-B6EA-C74117C59675}.AppStore|iPhoneSimulator.Build.0 = AppStore|iPhoneSimulator
		{3E4C1B82-B385-4763-B6EA-C74117C59675}.AppStore|x64.ActiveCfg = AppStore|iPhone
		{3E4C1B82-B385-4763-B6EA-C74117C59675}.AppStore|x86.ActiveCfg = AppStore|iPhone
		{3E4C1B82-B385-4763-B6EA-C74117C59675}.Debug|Any CPU.ActiveCfg = Debug|iPhone
		{3E4C1B82-B385-4763-B6EA-C74117C59675}.Debug|ARM.ActiveCfg = Debug|iPhone
		{3E4C1B82-B385-4763-B6EA-C74117C59675}.Debug|iPhone.ActiveCfg = Debug|iPhone
		{3E4C1B82-B385-4763-B6EA-C74117C59675}.Debug|iPhone.Build.0 = Debug|iPhone
		{3E4C1B82-B385-4763-B6EA-C74117C59675}.Debug|iPhoneSimulator.ActiveCfg = Debug|iPhoneSimulator
		{3E4C1B82-B385-4763-B6EA-C74117C59675}.Debug|iPhoneSimulator.Build.0 = Debug|iPhoneSimulator
		{3E4C1B82-B385-4763-B6EA-C74117C59675}.Debug|x64.ActiveCfg = Debug|iPhone
		{3E4C1B82-B385-4763-B6EA-C74117C59675}.Debug|x86.ActiveCfg = Debug|iPhone
		{3E4C1B82-B385-4763-B6EA-C74117C59675}.Release|Any CPU.ActiveCfg = Release|iPhone
		{3E4C1B82-B385-4763-B6EA-C74117C59675}.Release|ARM.ActiveCfg = Release|iPhone
		{3E4C1B82-B385-4763-B6EA-C74117C59675}.Release|iPhone.ActiveCfg = Release|iPhone
		{3E4C1B82-B385-4763-B6EA-C74117C59675}.Release|iPhone.Build.0 = Release|iPhone
		{3E4C1B82-B385-4763-B6EA-C74117C59675}.Release|iPhoneSimulator.ActiveCfg = Release|iPhoneSimulator
		{3E4C1B82-B385-4763-B6EA-C74117C59675}.Release|iPhoneSimulator.Build.0 = Release|iPhoneSimulator
		{3E4C1B82-B385-4763-B6EA-C74117C59675}.Release|x64.ActiveCfg = Release|iPhone
		{3E4C1B82-B385-4763-B6EA-C74117C59675}.Release|x86.ActiveCfg = Release|iPhone
		{5E55DE55-1C3F-457A-945F-DD393C01DE94}.Ad-Hoc|Any CPU.ActiveCfg = Release|Any CPU
		{5E55DE55-1C3F-457A-945F-DD393C01DE94}.Ad-Hoc|Any CPU.Build.0 = Release|Any CPU
		{5E55DE55-1C3F-457A-945F-DD393C01DE94}.Ad-Hoc|Any CPU.Deploy.0 = Release|Any CPU
		{5E55DE55-1C3F-457A-945F-DD393C01DE94}.Ad-Hoc|ARM.ActiveCfg = Release|ARM
		{5E55DE55-1C3F-457A-945F-DD393C01DE94}.Ad-Hoc|ARM.Build.0 = Release|ARM
		{5E55DE55-1C3F-457A-945F-DD393C01DE94}.Ad-Hoc|ARM.Deploy.0 = Release|ARM
		{5E55DE55-1C3F-457A-945F-DD393C01DE94}.Ad-Hoc|iPhone.ActiveCfg = Release|Any CPU
		{5E55DE55-1C3F-457A-945F-DD393C01DE94}.Ad-Hoc|iPhone.Build.0 = Release|Any CPU
		{5E55DE55-1C3F-457A-945F-DD393C01DE94}.Ad-Hoc|iPhone.Deploy.0 = Release|Any CPU
		{5E55DE55-1C3F-457A-945F-DD393C01DE94}.Ad-Hoc|iPhoneSimulator.ActiveCfg = Release|Any CPU
		{5E55DE55-1C3F-457A-945F-DD393C01DE94}.Ad-Hoc|iPhoneSimulator.Build.0 = Release|Any CPU
		{5E55DE55-1C3F-457A-945F-DD393C01DE94}.Ad-Hoc|iPhoneSimulator.Deploy.0 = Release|Any CPU
		{5E55DE55-1C3F-457A-945F-DD393C01DE94}.Ad-Hoc|x64.ActiveCfg = Release|Any CPU
		{5E55DE55-1C3F-457A-945F-DD393C01DE94}.Ad-Hoc|x64.Build.0 = Release|Any CPU
		{5E55DE55-1C3F-457A-945F-DD393C01DE94}.Ad-Hoc|x64.Deploy.0 = Release|Any CPU
		{5E55DE55-1C3F-457A-945F-DD393C01DE94}.Ad-Hoc|x86.ActiveCfg = Release|x86
		{5E55DE55-1C3F-457A-945F-DD393C01DE94}.Ad-Hoc|x86.Build.0 = Release|x86
		{5E55DE55-1C3F-457A-945F-DD393C01DE94}.Ad-Hoc|x86.Deploy.0 = Release|x86
		{5E55DE55-1C3F-457A-945F-DD393C01DE94}.AppStore|Any CPU.ActiveCfg = Release|Any CPU
		{5E55DE55-1C3F-457A-945F-DD393C01DE94}.AppStore|Any CPU.Build.0 = Release|Any CPU
		{5E55DE55-1C3F-457A-945F-DD393C01DE94}.AppStore|Any CPU.Deploy.0 = Release|Any CPU
		{5E55DE55-1C3F-457A-945F-DD393C01DE94}.AppStore|ARM.ActiveCfg = Release|ARM
		{5E55DE55-1C3F-457A-945F-DD393C01DE94}.AppStore|ARM.Build.0 = Release|ARM
		{5E55DE55-1C3F-457A-945F-DD393C01DE94}.AppStore|ARM.Deploy.0 = Release|ARM
		{5E55DE55-1C3F-457A-945F-DD393C01DE94}.AppStore|iPhone.ActiveCfg = Release|Any CPU
		{5E55DE55-1C3F-457A-945F-DD393C01DE94}.AppStore|iPhone.Build.0 = Release|Any CPU
		{5E55DE55-1C3F-457A-945F-DD393C01DE94}.AppStore|iPhone.Deploy.0 = Release|Any CPU
		{5E55DE55-1C3F-457A-945F-DD393C01DE94}.AppStore|iPhoneSimulator.ActiveCfg = Release|Any CPU
		{5E55DE55-1C3F-457A-945F-DD393C01DE94}.AppStore|iPhoneSimulator.Build.0 = Release|Any CPU
		{5E55DE55-1C3F-457A-945F-DD393C01DE94}.AppStore|iPhoneSimulator.Deploy.0 = Release|Any CPU
		{5E55DE55-1C3F-457A-945F-DD393C01DE94}.AppStore|x64.ActiveCfg = Release|Any CPU
		{5E55DE55-1C3F-457A-945F-DD393C01DE94}.AppStore|x64.Build.0 = Release|Any CPU
		{5E55DE55-1C3F-457A-945F-DD393C01DE94}.AppStore|x64.Deploy.0 = Release|Any CPU
		{5E55DE55-1C3F-457A-945F-DD393C01DE94}.AppStore|x86.ActiveCfg = Release|x86
		{5E55DE55-1C3F-457A-945F-DD393C01DE94}.AppStore|x86.Build.0 = Release|x86
		{5E55DE55-1C3F-457A-945F-DD393C01DE94}.AppStore|x86.Deploy.0 = Release|x86
		{5E55DE55-1C3F-457A-945F-DD393C01DE94}.Debug|Any CPU.ActiveCfg = Debug|Any CPU
		{5E55DE55-1C3F-457A-945F-DD393C01DE94}.Debug|Any CPU.Build.0 = Debug|Any CPU
		{5E55DE55-1C3F-457A-945F-DD393C01DE94}.Debug|Any CPU.Deploy.0 = Debug|Any CPU
		{5E55DE55-1C3F-457A-945F-DD393C01DE94}.Debug|ARM.ActiveCfg = Debug|ARM
		{5E55DE55-1C3F-457A-945F-DD393C01DE94}.Debug|ARM.Build.0 = Debug|ARM
		{5E55DE55-1C3F-457A-945F-DD393C01DE94}.Debug|ARM.Deploy.0 = Debug|ARM
		{5E55DE55-1C3F-457A-945F-DD393C01DE94}.Debug|iPhone.ActiveCfg = Debug|Any CPU
		{5E55DE55-1C3F-457A-945F-DD393C01DE94}.Debug|iPhone.Build.0 = Debug|Any CPU
		{5E55DE55-1C3F-457A-945F-DD393C01DE94}.Debug|iPhone.Deploy.0 = Debug|Any CPU
		{5E55DE55-1C3F-457A-945F-DD393C01DE94}.Debug|iPhoneSimulator.ActiveCfg = Debug|Any CPU
		{5E55DE55-1C3F-457A-945F-DD393C01DE94}.Debug|iPhoneSimulator.Build.0 = Debug|Any CPU
		{5E55DE55-1C3F-457A-945F-DD393C01DE94}.Debug|iPhoneSimulator.Deploy.0 = Debug|Any CPU
		{5E55DE55-1C3F-457A-945F-DD393C01DE94}.Debug|x64.ActiveCfg = Debug|Any CPU
		{5E55DE55-1C3F-457A-945F-DD393C01DE94}.Debug|x64.Build.0 = Debug|Any CPU
		{5E55DE55-1C3F-457A-945F-DD393C01DE94}.Debug|x64.Deploy.0 = Debug|Any CPU
		{5E55DE55-1C3F-457A-945F-DD393C01DE94}.Debug|x86.ActiveCfg = Debug|x86
		{5E55DE55-1C3F-457A-945F-DD393C01DE94}.Debug|x86.Build.0 = Debug|x86
		{5E55DE55-1C3F-457A-945F-DD393C01DE94}.Debug|x86.Deploy.0 = Debug|x86
		{5E55DE55-1C3F-457A-945F-DD393C01DE94}.Release|Any CPU.ActiveCfg = Release|Any CPU
		{5E55DE55-1C3F-457A-945F-DD393C01DE94}.Release|Any CPU.Build.0 = Release|Any CPU
		{5E55DE55-1C3F-457A-945F-DD393C01DE94}.Release|Any CPU.Deploy.0 = Release|Any CPU
		{5E55DE55-1C3F-457A-945F-DD393C01DE94}.Release|ARM.ActiveCfg = Release|ARM
		{5E55DE55-1C3F-457A-945F-DD393C01DE94}.Release|ARM.Build.0 = Release|ARM
		{5E55DE55-1C3F-457A-945F-DD393C01DE94}.Release|ARM.Deploy.0 = Release|ARM
		{5E55DE55-1C3F-457A-945F-DD393C01DE94}.Release|iPhone.ActiveCfg = Release|Any CPU
		{5E55DE55-1C3F-457A-945F-DD393C01DE94}.Release|iPhone.Build.0 = Release|Any CPU
		{5E55DE55-1C3F-457A-945F-DD393C01DE94}.Release|iPhone.Deploy.0 = Release|Any CPU
		{5E55DE55-1C3F-457A-945F-DD393C01DE94}.Release|iPhoneSimulator.ActiveCfg = Release|Any CPU
		{5E55DE55-1C3F-457A-945F-DD393C01DE94}.Release|iPhoneSimulator.Build.0 = Release|Any CPU
		{5E55DE55-1C3F-457A-945F-DD393C01DE94}.Release|iPhoneSimulator.Deploy.0 = Release|Any CPU
		{5E55DE55-1C3F-457A-945F-DD393C01DE94}.Release|x64.ActiveCfg = Release|Any CPU
		{5E55DE55-1C3F-457A-945F-DD393C01DE94}.Release|x64.Build.0 = Release|Any CPU
		{5E55DE55-1C3F-457A-945F-DD393C01DE94}.Release|x64.Deploy.0 = Release|Any CPU
		{5E55DE55-1C3F-457A-945F-DD393C01DE94}.Release|x86.ActiveCfg = Release|x86
		{5E55DE55-1C3F-457A-945F-DD393C01DE94}.Release|x86.Build.0 = Release|x86
		{5E55DE55-1C3F-457A-945F-DD393C01DE94}.Release|x86.Deploy.0 = Release|x86
		{8376D245-B721-486B-A429-F2A2D5FB4885}.Ad-Hoc|Any CPU.ActiveCfg = Release|x86
		{8376D245-B721-486B-A429-F2A2D5FB4885}.Ad-Hoc|Any CPU.Build.0 = Release|x86
		{8376D245-B721-486B-A429-F2A2D5FB4885}.Ad-Hoc|Any CPU.Deploy.0 = Release|x86
		{8376D245-B721-486B-A429-F2A2D5FB4885}.Ad-Hoc|ARM.ActiveCfg = Release|ARM
		{8376D245-B721-486B-A429-F2A2D5FB4885}.Ad-Hoc|ARM.Build.0 = Release|ARM
		{8376D245-B721-486B-A429-F2A2D5FB4885}.Ad-Hoc|ARM.Deploy.0 = Release|ARM
		{8376D245-B721-486B-A429-F2A2D5FB4885}.Ad-Hoc|iPhone.ActiveCfg = Release|x86
		{8376D245-B721-486B-A429-F2A2D5FB4885}.Ad-Hoc|iPhone.Build.0 = Release|x86
		{8376D245-B721-486B-A429-F2A2D5FB4885}.Ad-Hoc|iPhone.Deploy.0 = Release|x86
		{8376D245-B721-486B-A429-F2A2D5FB4885}.Ad-Hoc|iPhoneSimulator.ActiveCfg = Release|x86
		{8376D245-B721-486B-A429-F2A2D5FB4885}.Ad-Hoc|iPhoneSimulator.Build.0 = Release|x86
		{8376D245-B721-486B-A429-F2A2D5FB4885}.Ad-Hoc|iPhoneSimulator.Deploy.0 = Release|x86
		{8376D245-B721-486B-A429-F2A2D5FB4885}.Ad-Hoc|x64.ActiveCfg = Release|x64
		{8376D245-B721-486B-A429-F2A2D5FB4885}.Ad-Hoc|x64.Build.0 = Release|x64
		{8376D245-B721-486B-A429-F2A2D5FB4885}.Ad-Hoc|x64.Deploy.0 = Release|x64
		{8376D245-B721-486B-A429-F2A2D5FB4885}.Ad-Hoc|x86.ActiveCfg = Release|x86
		{8376D245-B721-486B-A429-F2A2D5FB4885}.Ad-Hoc|x86.Build.0 = Release|x86
		{8376D245-B721-486B-A429-F2A2D5FB4885}.Ad-Hoc|x86.Deploy.0 = Release|x86
		{8376D245-B721-486B-A429-F2A2D5FB4885}.AppStore|Any CPU.ActiveCfg = Release|x86
		{8376D245-B721-486B-A429-F2A2D5FB4885}.AppStore|Any CPU.Build.0 = Release|x86
		{8376D245-B721-486B-A429-F2A2D5FB4885}.AppStore|Any CPU.Deploy.0 = Release|x86
		{8376D245-B721-486B-A429-F2A2D5FB4885}.AppStore|ARM.ActiveCfg = Release|ARM
		{8376D245-B721-486B-A429-F2A2D5FB4885}.AppStore|ARM.Build.0 = Release|ARM
		{8376D245-B721-486B-A429-F2A2D5FB4885}.AppStore|ARM.Deploy.0 = Release|ARM
		{8376D245-B721-486B-A429-F2A2D5FB4885}.AppStore|iPhone.ActiveCfg = Release|x86
		{8376D245-B721-486B-A429-F2A2D5FB4885}.AppStore|iPhone.Build.0 = Release|x86
		{8376D245-B721-486B-A429-F2A2D5FB4885}.AppStore|iPhone.Deploy.0 = Release|x86
		{8376D245-B721-486B-A429-F2A2D5FB4885}.AppStore|iPhoneSimulator.ActiveCfg = Release|x86
		{8376D245-B721-486B-A429-F2A2D5FB4885}.AppStore|iPhoneSimulator.Build.0 = Release|x86
		{8376D245-B721-486B-A429-F2A2D5FB4885}.AppStore|iPhoneSimulator.Deploy.0 = Release|x86
		{8376D245-B721-486B-A429-F2A2D5FB4885}.AppStore|x64.ActiveCfg = Release|x64
		{8376D245-B721-486B-A429-F2A2D5FB4885}.AppStore|x64.Build.0 = Release|x64
		{8376D245-B721-486B-A429-F2A2D5FB4885}.AppStore|x64.Deploy.0 = Release|x64
		{8376D245-B721-486B-A429-F2A2D5FB4885}.AppStore|x86.ActiveCfg = Release|x86
		{8376D245-B721-486B-A429-F2A2D5FB4885}.AppStore|x86.Build.0 = Release|x86
		{8376D245-B721-486B-A429-F2A2D5FB4885}.AppStore|x86.Deploy.0 = Release|x86
		{8376D245-B721-486B-A429-F2A2D5FB4885}.Debug|Any CPU.ActiveCfg = Debug|x86
		{8376D245-B721-486B-A429-F2A2D5FB4885}.Debug|ARM.ActiveCfg = Debug|ARM
		{8376D245-B721-486B-A429-F2A2D5FB4885}.Debug|ARM.Build.0 = Debug|ARM
		{8376D245-B721-486B-A429-F2A2D5FB4885}.Debug|ARM.Deploy.0 = Debug|ARM
		{8376D245-B721-486B-A429-F2A2D5FB4885}.Debug|iPhone.ActiveCfg = Debug|x86
		{8376D245-B721-486B-A429-F2A2D5FB4885}.Debug|iPhoneSimulator.ActiveCfg = Debug|x86
		{8376D245-B721-486B-A429-F2A2D5FB4885}.Debug|x64.ActiveCfg = Debug|x64
		{8376D245-B721-486B-A429-F2A2D5FB4885}.Debug|x64.Build.0 = Debug|x64
		{8376D245-B721-486B-A429-F2A2D5FB4885}.Debug|x64.Deploy.0 = Debug|x64
		{8376D245-B721-486B-A429-F2A2D5FB4885}.Debug|x86.ActiveCfg = Debug|x86
		{8376D245-B721-486B-A429-F2A2D5FB4885}.Debug|x86.Build.0 = Debug|x86
		{8376D245-B721-486B-A429-F2A2D5FB4885}.Debug|x86.Deploy.0 = Debug|x86
		{8376D245-B721-486B-A429-F2A2D5FB4885}.Release|Any CPU.ActiveCfg = Release|x86
		{8376D245-B721-486B-A429-F2A2D5FB4885}.Release|ARM.ActiveCfg = Release|ARM
		{8376D245-B721-486B-A429-F2A2D5FB4885}.Release|ARM.Build.0 = Release|ARM
		{8376D245-B721-486B-A429-F2A2D5FB4885}.Release|ARM.Deploy.0 = Release|ARM
		{8376D245-B721-486B-A429-F2A2D5FB4885}.Release|iPhone.ActiveCfg = Release|x86
		{8376D245-B721-486B-A429-F2A2D5FB4885}.Release|iPhoneSimulator.ActiveCfg = Release|x86
		{8376D245-B721-486B-A429-F2A2D5FB4885}.Release|x64.ActiveCfg = Release|x64
		{8376D245-B721-486B-A429-F2A2D5FB4885}.Release|x64.Build.0 = Release|x64
		{8376D245-B721-486B-A429-F2A2D5FB4885}.Release|x64.Deploy.0 = Release|x64
		{8376D245-B721-486B-A429-F2A2D5FB4885}.Release|x86.ActiveCfg = Release|x86
		{8376D245-B721-486B-A429-F2A2D5FB4885}.Release|x86.Build.0 = Release|x86
		{8376D245-B721-486B-A429-F2A2D5FB4885}.Release|x86.Deploy.0 = Release|x86
		{FE26A116-754A-4290-AA3F-9246C4E8B45F}.Ad-Hoc|Any CPU.ActiveCfg = Release|Any CPU
		{FE26A116-754A-4290-AA3F-9246C4E8B45F}.Ad-Hoc|Any CPU.Build.0 = Release|Any CPU
		{FE26A116-754A-4290-AA3F-9246C4E8B45F}.Ad-Hoc|Any CPU.Deploy.0 = Release|Any CPU
		{FE26A116-754A-4290-AA3F-9246C4E8B45F}.Ad-Hoc|ARM.ActiveCfg = Release|ARM
		{FE26A116-754A-4290-AA3F-9246C4E8B45F}.Ad-Hoc|ARM.Build.0 = Release|ARM
		{FE26A116-754A-4290-AA3F-9246C4E8B45F}.Ad-Hoc|ARM.Deploy.0 = Release|ARM
		{FE26A116-754A-4290-AA3F-9246C4E8B45F}.Ad-Hoc|iPhone.ActiveCfg = Release|Any CPU
		{FE26A116-754A-4290-AA3F-9246C4E8B45F}.Ad-Hoc|iPhone.Build.0 = Release|Any CPU
		{FE26A116-754A-4290-AA3F-9246C4E8B45F}.Ad-Hoc|iPhone.Deploy.0 = Release|Any CPU
		{FE26A116-754A-4290-AA3F-9246C4E8B45F}.Ad-Hoc|iPhoneSimulator.ActiveCfg = Release|Any CPU
		{FE26A116-754A-4290-AA3F-9246C4E8B45F}.Ad-Hoc|iPhoneSimulator.Build.0 = Release|Any CPU
		{FE26A116-754A-4290-AA3F-9246C4E8B45F}.Ad-Hoc|iPhoneSimulator.Deploy.0 = Release|Any CPU
		{FE26A116-754A-4290-AA3F-9246C4E8B45F}.Ad-Hoc|x64.ActiveCfg = Release|x64
		{FE26A116-754A-4290-AA3F-9246C4E8B45F}.Ad-Hoc|x64.Build.0 = Release|x64
		{FE26A116-754A-4290-AA3F-9246C4E8B45F}.Ad-Hoc|x64.Deploy.0 = Release|x64
		{FE26A116-754A-4290-AA3F-9246C4E8B45F}.Ad-Hoc|x86.ActiveCfg = Release|x86
		{FE26A116-754A-4290-AA3F-9246C4E8B45F}.Ad-Hoc|x86.Build.0 = Release|x86
		{FE26A116-754A-4290-AA3F-9246C4E8B45F}.Ad-Hoc|x86.Deploy.0 = Release|x86
		{FE26A116-754A-4290-AA3F-9246C4E8B45F}.AppStore|Any CPU.ActiveCfg = Release|Any CPU
		{FE26A116-754A-4290-AA3F-9246C4E8B45F}.AppStore|Any CPU.Build.0 = Release|Any CPU
		{FE26A116-754A-4290-AA3F-9246C4E8B45F}.AppStore|Any CPU.Deploy.0 = Release|Any CPU
		{FE26A116-754A-4290-AA3F-9246C4E8B45F}.AppStore|ARM.ActiveCfg = Release|ARM
		{FE26A116-754A-4290-AA3F-9246C4E8B45F}.AppStore|ARM.Build.0 = Release|ARM
		{FE26A116-754A-4290-AA3F-9246C4E8B45F}.AppStore|ARM.Deploy.0 = Release|ARM
		{FE26A116-754A-4290-AA3F-9246C4E8B45F}.AppStore|iPhone.ActiveCfg = Release|Any CPU
		{FE26A116-754A-4290-AA3F-9246C4E8B45F}.AppStore|iPhone.Build.0 = Release|Any CPU
		{FE26A116-754A-4290-AA3F-9246C4E8B45F}.AppStore|iPhone.Deploy.0 = Release|Any CPU
		{FE26A116-754A-4290-AA3F-9246C4E8B45F}.AppStore|iPhoneSimulator.ActiveCfg = Release|Any CPU
		{FE26A116-754A-4290-AA3F-9246C4E8B45F}.AppStore|iPhoneSimulator.Build.0 = Release|Any CPU
		{FE26A116-754A-4290-AA3F-9246C4E8B45F}.AppStore|iPhoneSimulator.Deploy.0 = Release|Any CPU
		{FE26A116-754A-4290-AA3F-9246C4E8B45F}.AppStore|x64.ActiveCfg = Release|x64
		{FE26A116-754A-4290-AA3F-9246C4E8B45F}.AppStore|x64.Build.0 = Release|x64
		{FE26A116-754A-4290-AA3F-9246C4E8B45F}.AppStore|x64.Deploy.0 = Release|x64
		{FE26A116-754A-4290-AA3F-9246C4E8B45F}.AppStore|x86.ActiveCfg = Release|x86
		{FE26A116-754A-4290-AA3F-9246C4E8B45F}.AppStore|x86.Build.0 = Release|x86
		{FE26A116-754A-4290-AA3F-9246C4E8B45F}.AppStore|x86.Deploy.0 = Release|x86
		{FE26A116-754A-4290-AA3F-9246C4E8B45F}.Debug|Any CPU.ActiveCfg = Debug|Any CPU
		{FE26A116-754A-4290-AA3F-9246C4E8B45F}.Debug|Any CPU.Build.0 = Debug|Any CPU
		{FE26A116-754A-4290-AA3F-9246C4E8B45F}.Debug|Any CPU.Deploy.0 = Debug|Any CPU
		{FE26A116-754A-4290-AA3F-9246C4E8B45F}.Debug|ARM.ActiveCfg = Debug|ARM
		{FE26A116-754A-4290-AA3F-9246C4E8B45F}.Debug|ARM.Build.0 = Debug|ARM
		{FE26A116-754A-4290-AA3F-9246C4E8B45F}.Debug|ARM.Deploy.0 = Debug|ARM
		{FE26A116-754A-4290-AA3F-9246C4E8B45F}.Debug|iPhone.ActiveCfg = Debug|Any CPU
		{FE26A116-754A-4290-AA3F-9246C4E8B45F}.Debug|iPhone.Build.0 = Debug|Any CPU
		{FE26A116-754A-4290-AA3F-9246C4E8B45F}.Debug|iPhone.Deploy.0 = Debug|Any CPU
		{FE26A116-754A-4290-AA3F-9246C4E8B45F}.Debug|iPhoneSimulator.ActiveCfg = Debug|Any CPU
		{FE26A116-754A-4290-AA3F-9246C4E8B45F}.Debug|iPhoneSimulator.Build.0 = Debug|Any CPU
		{FE26A116-754A-4290-AA3F-9246C4E8B45F}.Debug|iPhoneSimulator.Deploy.0 = Debug|Any CPU
		{FE26A116-754A-4290-AA3F-9246C4E8B45F}.Debug|x64.ActiveCfg = Debug|x64
		{FE26A116-754A-4290-AA3F-9246C4E8B45F}.Debug|x64.Build.0 = Debug|x64
		{FE26A116-754A-4290-AA3F-9246C4E8B45F}.Debug|x64.Deploy.0 = Debug|x64
		{FE26A116-754A-4290-AA3F-9246C4E8B45F}.Debug|x86.ActiveCfg = Debug|x86
		{FE26A116-754A-4290-AA3F-9246C4E8B45F}.Debug|x86.Build.0 = Debug|x86
		{FE26A116-754A-4290-AA3F-9246C4E8B45F}.Debug|x86.Deploy.0 = Debug|x86
		{FE26A116-754A-4290-AA3F-9246C4E8B45F}.Release|Any CPU.ActiveCfg = Release|Any CPU
		{FE26A116-754A-4290-AA3F-9246C4E8B45F}.Release|Any CPU.Build.0 = Release|Any CPU
		{FE26A116-754A-4290-AA3F-9246C4E8B45F}.Release|Any CPU.Deploy.0 = Release|Any CPU
		{FE26A116-754A-4290-AA3F-9246C4E8B45F}.Release|ARM.ActiveCfg = Release|ARM
		{FE26A116-754A-4290-AA3F-9246C4E8B45F}.Release|ARM.Build.0 = Release|ARM
		{FE26A116-754A-4290-AA3F-9246C4E8B45F}.Release|ARM.Deploy.0 = Release|ARM
		{FE26A116-754A-4290-AA3F-9246C4E8B45F}.Release|iPhone.ActiveCfg = Release|Any CPU
		{FE26A116-754A-4290-AA3F-9246C4E8B45F}.Release|iPhone.Build.0 = Release|Any CPU
		{FE26A116-754A-4290-AA3F-9246C4E8B45F}.Release|iPhone.Deploy.0 = Release|Any CPU
		{FE26A116-754A-4290-AA3F-9246C4E8B45F}.Release|iPhoneSimulator.ActiveCfg = Release|Any CPU
		{FE26A116-754A-4290-AA3F-9246C4E8B45F}.Release|iPhoneSimulator.Build.0 = Release|Any CPU
		{FE26A116-754A-4290-AA3F-9246C4E8B45F}.Release|iPhoneSimulator.Deploy.0 = Release|Any CPU
		{FE26A116-754A-4290-AA3F-9246C4E8B45F}.Release|x64.ActiveCfg = Release|x64
		{FE26A116-754A-4290-AA3F-9246C4E8B45F}.Release|x64.Build.0 = Release|x64
		{FE26A116-754A-4290-AA3F-9246C4E8B45F}.Release|x64.Deploy.0 = Release|x64
		{FE26A116-754A-4290-AA3F-9246C4E8B45F}.Release|x86.ActiveCfg = Release|x86
		{FE26A116-754A-4290-AA3F-9246C4E8B45F}.Release|x86.Build.0 = Release|x86
		{FE26A116-754A-4290-AA3F-9246C4E8B45F}.Release|x86.Deploy.0 = Release|x86
	EndGlobalSection
	GlobalSection(SolutionProperties) = preSolution
		HideSolutionNode = FALSE
	EndGlobalSection
EndGlobal
